
Microsoft Visual Studio Solution File, Format Version 12.00
# Visual Studio Version 17
VisualStudioVersion = 17.9.34728.123
MinimumVisualStudioVersion = 10.0.40219.1
Project("{54A90642-561A-4BB1-A94E-469ADEE60C69}") = "crud-app", "crud-app\crud-app.esproj", "{5A80F48A-D180-447A-A69F-11F640556F48}"
EndProject
Global
	GlobalSection(SolutionConfigurationPlatforms) = preSolution
		Debug|Any CPU = Debug|Any CPU
		Release|Any CPU = Release|Any CPU
	EndGlobalSection
	GlobalSection(ProjectConfigurationPlatforms) = postSolution
		{5A80F48A-D180-447A-A69F-11F640556F48}.Debug|Any CPU.ActiveCfg = Debug|Any CPU
		{5A80F48A-D180-447A-A69F-11F640556F48}.Debug|Any CPU.Build.0 = Debug|Any CPU
		{5A80F48A-D180-447A-A69F-11F640556F48}.Debug|Any CPU.Deploy.0 = Debug|Any CPU
		{5A80F48A-D180-447A-A69F-11F640556F48}.Release|Any CPU.ActiveCfg = Release|Any CPU
		{5A80F48A-D180-447A-A69F-11F640556F48}.Release|Any CPU.Build.0 = Release|Any CPU
		{5A80F48A-D180-447A-A69F-11F640556F48}.Release|Any CPU.Deploy.0 = Release|Any CPU
	EndGlobalSection
	GlobalSection(SolutionProperties) = preSolution
		HideSolutionNode = FALSE
	EndGlobalSection
	GlobalSection(ExtensibilityGlobals) = postSolution
		SolutionGuid = {2E44CE4E-2DA6-47D4-97ED-54E2175A07A4}
	EndGlobalSection
EndGlobal
